
Microsoft Visual Studio Solution File, Format Version 12.00
# Visual Studio Version 16
VisualStudioVersion = 16.0.30225.117
MinimumVisualStudioVersion = 10.0.40219.1
Project("{FAE04EC0-301F-11D3-BF4B-00C04F79EFBC}") = "Assignment 444", "Assignment 444\Assignment 444.csproj", "{9748F992-2C60-47AF-AD76-4010A56459D8}"
EndProject
Global
	GlobalSection(SolutionConfigurationPlatforms) = preSolution
		Debug|Any CPU = Debug|Any CPU
		Release|Any CPU = Release|Any CPU
	EndGlobalSection
	GlobalSection(ProjectConfigurationPlatforms) = postSolution
		{9748F992-2C60-47AF-AD76-4010A56459D8}.Debug|Any CPU.ActiveCfg = Debug|Any CPU
		{9748F992-2C60-47AF-AD76-4010A56459D8}.Debug|Any CPU.Build.0 = Debug|Any CPU
		{9748F992-2C60-47AF-AD76-4010A56459D8}.Release|Any CPU.ActiveCfg = Release|Any CPU
		{9748F992-2C60-47AF-AD76-4010A56459D8}.Release|Any CPU.Build.0 = Release|Any CPU
	EndGlobalSection
	GlobalSection(SolutionProperties) = preSolution
		HideSolutionNode = FALSE
	EndGlobalSection
	GlobalSection(ExtensibilityGlobals) = postSolution
		SolutionGuid = {24B47AF6-FED6-4B92-9326-B19B6ED45BC0}
	EndGlobalSection
EndGlobal
